
Microsoft Visual Studio Solution File, Format Version 12.00
Project("{FAE04EC0-301F-11D3-BF4B-00C04F79EFBC}") = "WebApp", "WebApp\WebApp.csproj", "{D78ED511-B417-45C2-9BCF-322E9D6D8494}"
EndProject
Project("{2150E333-8FDC-42A3-9474-1A3956D46DE8}") = "Solution Items", "Solution Items", "{FE0DE767-F81B-4803-8EDE-4CC68D6BF3E1}"
	ProjectSection(SolutionItems) = preProject
		Directory.Build.props = Directory.Build.props
		.gitignore = .gitignore
		README.md = README.md
	EndProjectSection
EndProject
Project("{2150E333-8FDC-42A3-9474-1A3956D46DE8}") = "App", "App", "{F4776D48-2632-4873-9720-82E2B572C251}"
EndProject
Project("{2150E333-8FDC-42A3-9474-1A3956D46DE8}") = "Base", "Base", "{1DCB77FD-645D-4CA0-ABFE-9716B5759B88}"
EndProject
Project("{2150E333-8FDC-42A3-9474-1A3956D46DE8}") = "Base.Contracts", "Base.Contracts", "{4F6E5497-E207-4B07-957C-E8755E355258}"
EndProject
Project("{FAE04EC0-301F-11D3-BF4B-00C04F79EFBC}") = "App.Domain", "App.Domain\App.Domain.csproj", "{E11BBBAE-0F61-4935-88C4-A79D8E6DD2B4}"
EndProject
Project("{FAE04EC0-301F-11D3-BF4B-00C04F79EFBC}") = "Base.Contracts.DAL", "Base.Contracts.DAL\Base.Contracts.DAL.csproj", "{B4C65214-EB8E-4E25-9D14-9110AB6C8DF7}"
EndProject
Project("{FAE04EC0-301F-11D3-BF4B-00C04F79EFBC}") = "Base.Contracts.Domain", "Base.Contracts.Domain\Base.Contracts.Domain.csproj", "{CF37C05D-AEC8-494F-85D4-5177E70360AE}"
EndProject
Project("{FAE04EC0-301F-11D3-BF4B-00C04F79EFBC}") = "Base.Extensions", "Base.Extensions\Base.Extensions.csproj", "{9932B70C-DA56-4B68-AEA9-049B33942FA3}"
EndProject
Project("{FAE04EC0-301F-11D3-BF4B-00C04F79EFBC}") = "Base.Domain", "Base.Domain\Base.Domain.csproj", "{705FA74A-1CED-4D43-97FF-5FB2F8CBC56D}"
EndProject
Project("{FAE04EC0-301F-11D3-BF4B-00C04F79EFBC}") = "Base.DAL.EF", "Base.DAL.EF\Base.DAL.EF.csproj", "{637226EC-692B-4C75-B999-DA255C514EA2}"
EndProject
Global
	GlobalSection(SolutionConfigurationPlatforms) = preSolution
		Debug|Any CPU = Debug|Any CPU
		Release|Any CPU = Release|Any CPU
	EndGlobalSection
	GlobalSection(ProjectConfigurationPlatforms) = postSolution
		{D78ED511-B417-45C2-9BCF-322E9D6D8494}.Debug|Any CPU.ActiveCfg = Debug|Any CPU
		{D78ED511-B417-45C2-9BCF-322E9D6D8494}.Debug|Any CPU.Build.0 = Debug|Any CPU
		{D78ED511-B417-45C2-9BCF-322E9D6D8494}.Release|Any CPU.ActiveCfg = Release|Any CPU
		{D78ED511-B417-45C2-9BCF-322E9D6D8494}.Release|Any CPU.Build.0 = Release|Any CPU
		{E11BBBAE-0F61-4935-88C4-A79D8E6DD2B4}.Debug|Any CPU.ActiveCfg = Debug|Any CPU
		{E11BBBAE-0F61-4935-88C4-A79D8E6DD2B4}.Debug|Any CPU.Build.0 = Debug|Any CPU
		{E11BBBAE-0F61-4935-88C4-A79D8E6DD2B4}.Release|Any CPU.ActiveCfg = Release|Any CPU
		{E11BBBAE-0F61-4935-88C4-A79D8E6DD2B4}.Release|Any CPU.Build.0 = Release|Any CPU
		{B4C65214-EB8E-4E25-9D14-9110AB6C8DF7}.Debug|Any CPU.ActiveCfg = Debug|Any CPU
		{B4C65214-EB8E-4E25-9D14-9110AB6C8DF7}.Debug|Any CPU.Build.0 = Debug|Any CPU
		{B4C65214-EB8E-4E25-9D14-9110AB6C8DF7}.Release|Any CPU.ActiveCfg = Release|Any CPU
		{B4C65214-EB8E-4E25-9D14-9110AB6C8DF7}.Release|Any CPU.Build.0 = Release|Any CPU
		{CF37C05D-AEC8-494F-85D4-5177E70360AE}.Debug|Any CPU.ActiveCfg = Debug|Any CPU
		{CF37C05D-AEC8-494F-85D4-5177E70360AE}.Debug|Any CPU.Build.0 = Debug|Any CPU
		{CF37C05D-AEC8-494F-85D4-5177E70360AE}.Release|Any CPU.ActiveCfg = Release|Any CPU
		{CF37C05D-AEC8-494F-85D4-5177E70360AE}.Release|Any CPU.Build.0 = Release|Any CPU
		{9932B70C-DA56-4B68-AEA9-049B33942FA3}.Debug|Any CPU.ActiveCfg = Debug|Any CPU
		{9932B70C-DA56-4B68-AEA9-049B33942FA3}.Debug|Any CPU.Build.0 = Debug|Any CPU
		{9932B70C-DA56-4B68-AEA9-049B33942FA3}.Release|Any CPU.ActiveCfg = Release|Any CPU
		{9932B70C-DA56-4B68-AEA9-049B33942FA3}.Release|Any CPU.Build.0 = Release|Any CPU
		{705FA74A-1CED-4D43-97FF-5FB2F8CBC56D}.Debug|Any CPU.ActiveCfg = Debug|Any CPU
		{705FA74A-1CED-4D43-97FF-5FB2F8CBC56D}.Debug|Any CPU.Build.0 = Debug|Any CPU
		{705FA74A-1CED-4D43-97FF-5FB2F8CBC56D}.Release|Any CPU.ActiveCfg = Release|Any CPU
		{705FA74A-1CED-4D43-97FF-5FB2F8CBC56D}.Release|Any CPU.Build.0 = Release|Any CPU
		{637226EC-692B-4C75-B999-DA255C514EA2}.Debug|Any CPU.ActiveCfg = Debug|Any CPU
		{637226EC-692B-4C75-B999-DA255C514EA2}.Debug|Any CPU.Build.0 = Debug|Any CPU
		{637226EC-692B-4C75-B999-DA255C514EA2}.Release|Any CPU.ActiveCfg = Release|Any CPU
		{637226EC-692B-4C75-B999-DA255C514EA2}.Release|Any CPU.Build.0 = Release|Any CPU
	EndGlobalSection
	GlobalSection(NestedProjects) = preSolution
		{E11BBBAE-0F61-4935-88C4-A79D8E6DD2B4} = {F4776D48-2632-4873-9720-82E2B572C251}
		{B4C65214-EB8E-4E25-9D14-9110AB6C8DF7} = {4F6E5497-E207-4B07-957C-E8755E355258}
		{CF37C05D-AEC8-494F-85D4-5177E70360AE} = {4F6E5497-E207-4B07-957C-E8755E355258}
		{9932B70C-DA56-4B68-AEA9-049B33942FA3} = {1DCB77FD-645D-4CA0-ABFE-9716B5759B88}
		{705FA74A-1CED-4D43-97FF-5FB2F8CBC56D} = {1DCB77FD-645D-4CA0-ABFE-9716B5759B88}
		{637226EC-692B-4C75-B999-DA255C514EA2} = {1DCB77FD-645D-4CA0-ABFE-9716B5759B88}
	EndGlobalSection
EndGlobal
